// !$*UTF8*$!
{
	archiveVersion = 1;
	classes = {
	};
	objectVersion = 55;
	objects = {

/* Begin PBXBuildFile section */
		36CE8BC627AF4F350039EA33 /* AppDelegate.m in Sources */ = {isa = PBXBuildFile; fileRef = 36CE8BC527AF4F350039EA33 /* AppDelegate.m */; };
		36CE8BC927AF4F350039EA33 /* SceneDelegate.m in Sources */ = {isa = PBXBuildFile; fileRef = 36CE8BC827AF4F350039EA33 /* SceneDelegate.m */; };
		36CE8BCC27AF4F350039EA33 /* ViewController.m in Sources */ = {isa = PBXBuildFile; fileRef = 36CE8BCB27AF4F350039EA33 /* ViewController.m */; };
		36CE8BCF27AF4F350039EA33 /* Main.storyboard in Resources */ = {isa = PBXBuildFile; fileRef = 36CE8BCD27AF4F350039EA33 /* Main.storyboard */; };
		36CE8BD127AF4F370039EA33 /* Assets.xcassets in Resources */ = {isa = PBXBuildFile; fileRef = 36CE8BD027AF4F370039EA33 /* Assets.xcassets */; };
		36CE8BD427AF4F370039EA33 /* LaunchScreen.storyboard in Resources */ = {isa = PBXBuildFile; fileRef = 36CE8BD227AF4F370039EA33 /* LaunchScreen.storyboard */; };
		36CE8BD727AF4F370039EA33 /* main.m in Sources */ = {isa = PBXBuildFile; fileRef = 36CE8BD627AF4F370039EA33 /* main.m */; };
		36CE8BE127AF4F370039EA33 /* TFY_PhotoBrowserTests.m in Sources */ = {isa = PBXBuildFile; fileRef = 36CE8BE027AF4F370039EA33 /* TFY_PhotoBrowserTests.m */; };
		36CE8BEB27AF4F370039EA33 /* TFY_PhotoBrowserUITests.m in Sources */ = {isa = PBXBuildFile; fileRef = 36CE8BEA27AF4F370039EA33 /* TFY_PhotoBrowserUITests.m */; };
		36CE8BED27AF4F370039EA33 /* TFY_PhotoBrowserUITestsLaunchTests.m in Sources */ = {isa = PBXBuildFile; fileRef = 36CE8BEC27AF4F370039EA33 /* TFY_PhotoBrowserUITestsLaunchTests.m */; };
/* End PBXBuildFile section */

/* Begin PBXContainerItemProxy section */
		36CE8BDD27AF4F370039EA33 /* PBXContainerItemProxy */ = {
			isa = PBXContainerItemProxy;
			containerPortal = 36CE8BB927AF4F350039EA33 /* Project object */;
			proxyType = 1;
			remoteGlobalIDString = 36CE8BC027AF4F350039EA33;
			remoteInfo = TFY_PhotoBrowser;
		};
		36CE8BE727AF4F370039EA33 /* PBXContainerItemProxy */ = {
			isa = PBXContainerItemProxy;
			containerPortal = 36CE8BB927AF4F350039EA33 /* Project object */;
			proxyType = 1;
			remoteGlobalIDString = 36CE8BC027AF4F350039EA33;
			remoteInfo = TFY_PhotoBrowser;
		};
/* End PBXContainerItemProxy section */

/* Begin PBXFileReference section */
		36CE8BC127AF4F350039EA33 /* TFY_PhotoBrowser.app */ = {isa = PBXFileReference; explicitFileType = wrapper.application; includeInIndex = 0; path = TFY_PhotoBrowser.app; sourceTree = BUILT_PRODUCTS_DIR; };
		36CE8BC427AF4F350039EA33 /* AppDelegate.h */ = {isa = PBXFileReference; lastKnownFileType = sourcecode.c.h; path = AppDelegate.h; sourceTree = "<group>"; };
		36CE8BC527AF4F350039EA33 /* AppDelegate.m */ = {isa = PBXFileReference; lastKnownFileType = sourcecode.c.objc; path = AppDelegate.m; sourceTree = "<group>"; };
		36CE8BC727AF4F350039EA33 /* SceneDelegate.h */ = {isa = PBXFileReference; lastKnownFileType = sourcecode.c.h; path = SceneDelegate.h; sourceTree = "<group>"; };
		36CE8BC827AF4F350039EA33 /* SceneDelegate.m */ = {isa = PBXFileReference; lastKnownFileType = sourcecode.c.objc; path = SceneDelegate.m; sourceTree = "<group>"; };
		36CE8BCA27AF4F350039EA33 /* ViewController.h */ = {isa = PBXFileReference; lastKnownFileType = sourcecode.c.h; path = ViewController.h; sourceTree = "<group>"; };
		36CE8BCB27AF4F350039EA33 /* ViewController.m */ = {isa = PBXFileReference; lastKnownFileType = sourcecode.c.objc; path = ViewController.m; sourceTree = "<group>"; };
		36CE8BCE27AF4F350039EA33 /* Base */ = {isa = PBXFileReference; lastKnownFileType = file.storyboard; name = Base; path = Base.lproj/Main.storyboard; sourceTree = "<group>"; };
		36CE8BD027AF4F370039EA33 /* Assets.xcassets */ = {isa = PBXFileReference; lastKnownFileType = folder.assetcatalog; path = Assets.xcassets; sourceTree = "<group>"; };
		36CE8BD327AF4F370039EA33 /* Base */ = {isa = PBXFileReference; lastKnownFileType = file.storyboard; name = Base; path = Base.lproj/LaunchScreen.storyboard; sourceTree = "<group>"; };
		36CE8BD527AF4F370039EA33 /* Info.plist */ = {isa = PBXFileReference; lastKnownFileType = text.plist.xml; path = Info.plist; sourceTree = "<group>"; };
		36CE8BD627AF4F370039EA33 /* main.m */ = {isa = PBXFileReference; lastKnownFileType = sourcecode.c.objc; path = main.m; sourceTree = "<group>"; };
		36CE8BDC27AF4F370039EA33 /* TFY_PhotoBrowserTests.xctest */ = {isa = PBXFileReference; explicitFileType = wrapper.cfbundle; includeInIndex = 0; path = TFY_PhotoBrowserTests.xctest; sourceTree = BUILT_PRODUCTS_DIR; };
		36CE8BE027AF4F370039EA33 /* TFY_PhotoBrowserTests.m */ = {isa = PBXFileReference; lastKnownFileType = sourcecode.c.objc; path = TFY_PhotoBrowserTests.m; sourceTree = "<group>"; };
		36CE8BE627AF4F370039EA33 /* TFY_PhotoBrowserUITests.xctest */ = {isa = PBXFileReference; explicitFileType = wrapper.cfbundle; includeInIndex = 0; path = TFY_PhotoBrowserUITests.xctest; sourceTree = BUILT_PRODUCTS_DIR; };
		36CE8BEA27AF4F370039EA33 /* TFY_PhotoBrowserUITests.m */ = {isa = PBXFileReference; lastKnownFileType = sourcecode.c.objc; path = TFY_PhotoBrowserUITests.m; sourceTree = "<group>"; };
		36CE8BEC27AF4F370039EA33 /* TFY_PhotoBrowserUITestsLaunchTests.m */ = {isa = PBXFileReference; lastKnownFileType = sourcecode.c.objc; path = TFY_PhotoBrowserUITestsLaunchTests.m; sourceTree = "<group>"; };
/* End PBXFileReference section */

/* Begin PBXFrameworksBuildPhase section */
		36CE8BBE27AF4F350039EA33 /* Frameworks */ = {
			isa = PBXFrameworksBuildPhase;
			buildActionMask = 2147483647;
			files = (
			);
			runOnlyForDeploymentPostprocessing = 0;
		};
		36CE8BD927AF4F370039EA33 /* Frameworks */ = {
			isa = PBXFrameworksBuildPhase;
			buildActionMask = 2147483647;
			files = (
			);
			runOnlyForDeploymentPostprocessing = 0;
		};
		36CE8BE327AF4F370039EA33 /* Frameworks */ = {
			isa = PBXFrameworksBuildPhase;
			buildActionMask = 2147483647;
			files = (
			);
			runOnlyForDeploymentPostprocessing = 0;
		};
/* End PBXFrameworksBuildPhase section */

/* Begin PBXGroup section */
		36CE8BB827AF4F350039EA33 = {
			isa = PBXGroup;
			children = (
				36CE8BC327AF4F350039EA33 /* TFY_PhotoBrowser */,
				36CE8BDF27AF4F370039EA33 /* TFY_PhotoBrowserTests */,
				36CE8BE927AF4F370039EA33 /* TFY_PhotoBrowserUITests */,
				36CE8BC227AF4F350039EA33 /* Products */,
			);
			sourceTree = "<group>";
		};
		36CE8BC227AF4F350039EA33 /* Products */ = {
			isa = PBXGroup;
			children = (
				36CE8BC127AF4F350039EA33 /* TFY_PhotoBrowser.app */,
				36CE8BDC27AF4F370039EA33 /* TFY_PhotoBrowserTests.xctest */,
				36CE8BE627AF4F370039EA33 /* TFY_PhotoBrowserUITests.xctest */,
			);
			name = Products;
			sourceTree = "<group>";
		};
		36CE8BC327AF4F350039EA33 /* TFY_PhotoBrowser */ = {
			isa = PBXGroup;
			children = (
				36CE8BC427AF4F350039EA33 /* AppDelegate.h */,
				36CE8BC527AF4F350039EA33 /* AppDelegate.m */,
				36CE8BC727AF4F350039EA33 /* SceneDelegate.h */,
				36CE8BC827AF4F350039EA33 /* SceneDelegate.m */,
				36CE8BCA27AF4F350039EA33 /* ViewController.h */,
				36CE8BCB27AF4F350039EA33 /* ViewController.m */,
				36CE8BCD27AF4F350039EA33 /* Main.storyboard */,
				36CE8BD027AF4F370039EA33 /* Assets.xcassets */,
				36CE8BD227AF4F370039EA33 /* LaunchScreen.storyboard */,
				36CE8BD527AF4F370039EA33 /* Info.plist */,
				36CE8BD627AF4F370039EA33 /* main.m */,
			);
			path = TFY_PhotoBrowser;
			sourceTree = "<group>";
		};
		36CE8BDF27AF4F370039EA33 /* TFY_PhotoBrowserTests */ = {
			isa = PBXGroup;
			children = (
				36CE8BE027AF4F370039EA33 /* TFY_PhotoBrowserTests.m */,
			);
			path = TFY_PhotoBrowserTests;
			sourceTree = "<group>";
		};
		36CE8BE927AF4F370039EA33 /* TFY_PhotoBrowserUITests */ = {
			isa = PBXGroup;
			children = (
				36CE8BEA27AF4F370039EA33 /* TFY_PhotoBrowserUITests.m */,
				36CE8BEC27AF4F370039EA33 /* TFY_PhotoBrowserUITestsLaunchTests.m */,
			);
			path = TFY_PhotoBrowserUITests;
			sourceTree = "<group>";
		};
/* End PBXGroup section */

/* Begin PBXNativeTarget section */
		36CE8BC027AF4F350039EA33 /* TFY_PhotoBrowser */ = {
			isa = PBXNativeTarget;
			buildConfigurationList = 36CE8BF027AF4F370039EA33 /* Build configuration list for PBXNativeTarget "TFY_PhotoBrowser" */;
			buildPhases = (
				36CE8BBD27AF4F350039EA33 /* Sources */,
				36CE8BBE27AF4F350039EA33 /* Frameworks */,
				36CE8BBF27AF4F350039EA33 /* Resources */,
			);
			buildRules = (
			);
			dependencies = (
			);
			name = TFY_PhotoBrowser;
			productName = TFY_PhotoBrowser;
			productReference = 36CE8BC127AF4F350039EA33 /* TFY_PhotoBrowser.app */;
			productType = "com.apple.product-type.application";
		};
		36CE8BDB27AF4F370039EA33 /* TFY_PhotoBrowserTests */ = {
			isa = PBXNativeTarget;
			buildConfigurationList = 36CE8BF327AF4F370039EA33 /* Build configuration list for PBXNativeTarget "TFY_PhotoBrowserTests" */;
			buildPhases = (
				36CE8BD827AF4F370039EA33 /* Sources */,
				36CE8BD927AF4F370039EA33 /* Frameworks */,
				36CE8BDA27AF4F370039EA33 /* Resources */,
			);
			buildRules = (
			);
			dependencies = (
				36CE8BDE27AF4F370039EA33 /* PBXTargetDependency */,
			);
			name = TFY_PhotoBrowserTests;
			productName = TFY_PhotoBrowserTests;
			productReference = 36CE8BDC27AF4F370039EA33 /* TFY_PhotoBrowserTests.xctest */;
			productType = "com.apple.product-type.bundle.unit-test";
		};
		36CE8BE527AF4F370039EA33 /* TFY_PhotoBrowserUITests */ = {
			isa = PBXNativeTarget;
			buildConfigurationList = 36CE8BF627AF4F370039EA33 /* Build configuration list for PBXNativeTarget "TFY_PhotoBrowserUITests" */;
			buildPhases = (
				36CE8BE227AF4F370039EA33 /* Sources */,
				36CE8BE327AF4F370039EA33 /* Frameworks */,
				36CE8BE427AF4F370039EA33 /* Resources */,
			);
			buildRules = (
			);
			dependencies = (
				36CE8BE827AF4F370039EA33 /* PBXTargetDependency */,
			);
			name = TFY_PhotoBrowserUITests;
			productName = TFY_PhotoBrowserUITests;
			productReference = 36CE8BE627AF4F370039EA33 /* TFY_PhotoBrowserUITests.xctest */;
			productType = "com.apple.product-type.bundle.ui-testing";
		};
/* End PBXNativeTarget section */

/* Begin PBXProject section */
		36CE8BB927AF4F350039EA33 /* Project object */ = {
			isa = PBXProject;
			attributes = {
				BuildIndependentTargetsInParallel = 1;
				LastUpgradeCheck = 1320;
				TargetAttributes = {
					36CE8BC027AF4F350039EA33 = {
						CreatedOnToolsVersion = 13.2.1;
					};
					36CE8BDB27AF4F370039EA33 = {
						CreatedOnToolsVersion = 13.2.1;
						TestTargetID = 36CE8BC027AF4F350039EA33;
					};
					36CE8BE527AF4F370039EA33 = {
						CreatedOnToolsVersion = 13.2.1;
						TestTargetID = 36CE8BC027AF4F350039EA33;
					};
				};
			};
			buildConfigurationList = 36CE8BBC27AF4F350039EA33 /* Build configuration list for PBXProject "TFY_PhotoBrowser" */;
			compatibilityVersion = "Xcode 13.0";
			developmentRegion = en;
			hasScannedForEncodings = 0;
			knownRegions = (
				en,
				Base,
			);
			mainGroup = 36CE8BB827AF4F350039EA33;
			productRefGroup = 36CE8BC227AF4F350039EA33 /* Products */;
			projectDirPath = "";
			projectRoot = "";
			targets = (
				36CE8BC027AF4F350039EA33 /* TFY_PhotoBrowser */,
				36CE8BDB27AF4F370039EA33 /* TFY_PhotoBrowserTests */,
				36CE8BE527AF4F370039EA33 /* TFY_PhotoBrowserUITests */,
			);
		};
/* End PBXProject section */

/* Begin PBXResourcesBuildPhase section */
		36CE8BBF27AF4F350039EA33 /* Resources */ = {
			isa = PBXResourcesBuildPhase;
			buildActionMask = 2147483647;
			files = (
				36CE8BD427AF4F370039EA33 /* LaunchScreen.storyboard in Resources */,
				36CE8BD127AF4F370039EA33 /* Assets.xcassets in Resources */,
				36CE8BCF27AF4F350039EA33 /* Main.storyboard in Resources */,
			);
			runOnlyForDeploymentPostprocessing = 0;
		};
		36CE8BDA27AF4F370039EA33 /* Resources */ = {
			isa = PBXResourcesBuildPhase;
			buildActionMask = 2147483647;
			files = (
			);
			runOnlyForDeploymentPostprocessing = 0;
		};
		36CE8BE427AF4F370039EA33 /* Resources */ = {
			isa = PBXResourcesBuildPhase;
			buildActionMask = 2147483647;
			files = (
			);
			runOnlyForDeploymentPostprocessing = 0;
		};
/* End PBXResourcesBuildPhase section */

/* Begin PBXSourcesBuildPhase section */
		36CE8BBD27AF4F350039EA33 /* Sources */ = {
			isa = PBXSourcesBuildPhase;
			buildActionMask = 2147483647;
			files = (
				36CE8BCC27AF4F350039EA33 /* ViewController.m in Sources */,
				36CE8BC627AF4F350039EA33 /* AppDelegate.m in Sources */,
				36CE8BD727AF4F370039EA33 /* main.m in Sources */,
				36CE8BC927AF4F350039EA33 /* SceneDelegate.m in Sources */,
			);
			runOnlyForDeploymentPostprocessing = 0;
		};
		36CE8BD827AF4F370039EA33 /* Sources */ = {
			isa = PBXSourcesBuildPhase;
			buildActionMask = 2147483647;
			files = (
				36CE8BE127AF4F370039EA33 /* TFY_PhotoBrowserTests.m in Sources */,
			);
			runOnlyForDeploymentPostprocessing = 0;
		};
		36CE8BE227AF4F370039EA33 /* Sources */ = {
			isa = PBXSourcesBuildPhase;
			buildActionMask = 2147483647;
			files = (
				36CE8BED27AF4F370039EA33 /* TFY_PhotoBrowserUITestsLaunchTests.m in Sources */,
				36CE8BEB27AF4F370039EA33 /* TFY_PhotoBrowserUITests.m in Sources */,
			);
			runOnlyForDeploymentPostprocessing = 0;
		};
/* End PBXSourcesBuildPhase section */

/* Begin PBXTargetDependency section */
		36CE8BDE27AF4F370039EA33 /* PBXTargetDependency */ = {
			isa = PBXTargetDependency;
			target = 36CE8BC027AF4F350039EA33 /* TFY_PhotoBrowser */;
			targetProxy = 36CE8BDD27AF4F370039EA33 /* PBXContainerItemProxy */;
		};
		36CE8BE827AF4F370039EA33 /* PBXTargetDependency */ = {
			isa = PBXTargetDependency;
			target = 36CE8BC027AF4F350039EA33 /* TFY_PhotoBrowser */;
			targetProxy = 36CE8BE727AF4F370039EA33 /* PBXContainerItemProxy */;
		};
/* End PBXTargetDependency section */

/* Begin PBXVariantGroup section */
		36CE8BCD27AF4F350039EA33 /* Main.storyboard */ = {
			isa = PBXVariantGroup;
			children = (
				36CE8BCE27AF4F350039EA33 /* Base */,
			);
			name = Main.storyboard;
			sourceTree = "<group>";
		};
		36CE8BD227AF4F370039EA33 /* LaunchScreen.storyboard */ = {
			isa = PBXVariantGroup;
			children = (
				36CE8BD327AF4F370039EA33 /* Base */,
			);
			name = LaunchScreen.storyboard;
			sourceTree = "<group>";
		};
/* End PBXVariantGroup section */

/* Begin XCBuildConfiguration section */
		36CE8BEE27AF4F370039EA33 /* Debug */ = {
			isa = XCBuildConfiguration;
			buildSettings = {
				ALWAYS_SEARCH_USER_PATHS = NO;
				CLANG_ANALYZER_NONNULL = YES;
				CLANG_ANALYZER_NUMBER_OBJECT_CONVERSION = YES_AGGRESSIVE;
				CLANG_CXX_LANGUAGE_STANDARD = "gnu++17";
				CLANG_CXX_LIBRARY = "libc++";
				CLANG_ENABLE_MODULES = YES;
				CLANG_ENABLE_OBJC_ARC = YES;
				CLANG_ENABLE_OBJC_WEAK = YES;
				CLANG_WARN_BLOCK_CAPTURE_AUTORELEASING = YES;
				CLANG_WARN_BOOL_CONVERSION = YES;
				CLANG_WARN_COMMA = YES;
				CLANG_WARN_CONSTANT_CONVERSION = YES;
				CLANG_WARN_DEPRECATED_OBJC_IMPLEMENTATIONS = YES;
				CLANG_WARN_DIRECT_OBJC_ISA_USAGE = YES_ERROR;
				CLANG_WARN_DOCUMENTATION_COMMENTS = YES;
				CLANG_WARN_EMPTY_BODY = YES;
				CLANG_WARN_ENUM_CONVERSION = YES;
				CLANG_WARN_INFINITE_RECURSION = YES;
				CLANG_WARN_INT_CONVERSION = YES;
				CLANG_WARN_NON_LITERAL_NULL_CONVERSION = YES;
				CLANG_WARN_OBJC_IMPLICIT_RETAIN_SELF = YES;
				CLANG_WARN_OBJC_LITERAL_CONVERSION = YES;
				CLANG_WARN_OBJC_ROOT_CLASS = YES_ERROR;
				CLANG_WARN_QUOTED_INCLUDE_IN_FRAMEWORK_HEADER = YES;
				CLANG_WARN_RANGE_LOOP_ANALYSIS = YES;
				CLANG_WARN_STRICT_PROTOTYPES = YES;
				CLANG_WARN_SUSPICIOUS_MOVE = YES;
				CLANG_WARN_UNGUARDED_AVAILABILITY = YES_AGGRESSIVE;
				CLANG_WARN_UNREACHABLE_CODE = YES;
				CLANG_WARN__DUPLICATE_METHOD_MATCH = YES;
				COPY_PHASE_STRIP = NO;
				DEBUG_INFORMATION_FORMAT = dwarf;
				ENABLE_STRICT_OBJC_MSGSEND = YES;
				ENABLE_TESTABILITY = YES;
				GCC_C_LANGUAGE_STANDARD = gnu11;
				GCC_DYNAMIC_NO_PIC = NO;
				GCC_NO_COMMON_BLOCKS = YES;
				GCC_OPTIMIZATION_LEVEL = 0;
				GCC_PREPROCESSOR_DEFINITIONS = (
					"DEBUG=1",
					"$(inherited)",
				);
				GCC_WARN_64_TO_32_BIT_CONVERSION = YES;
				GCC_WARN_ABOUT_RETURN_TYPE = YES_ERROR;
				GCC_WARN_UNDECLARED_SELECTOR = YES;
				GCC_WARN_UNINITIALIZED_AUTOS = YES_AGGRESSIVE;
				GCC_WARN_UNUSED_FUNCTION = YES;
				GCC_WARN_UNUSED_VARIABLE = YES;
				IPHONEOS_DEPLOYMENT_TARGET = 15.2;
				MTL_ENABLE_DEBUG_INFO = INCLUDE_SOURCE;
				MTL_FAST_MATH = YES;
				ONLY_ACTIVE_ARCH = YES;
				SDKROOT = iphoneos;
			};
			name = Debug;
		};
		36CE8BEF27AF4F370039EA33 /* Release */ = {
			isa = XCBuildConfiguration;
			buildSettings = {
				ALWAYS_SEARCH_USER_PATHS = NO;
				CLANG_ANALYZER_NONNULL = YES;
				CLANG_ANALYZER_NUMBER_OBJECT_CONVERSION = YES_AGGRESSIVE;
				CLANG_CXX_LANGUAGE_STANDARD = "gnu++17";
				CLANG_CXX_LIBRARY = "libc++";
				CLANG_ENABLE_MODULES = YES;
				CLANG_ENABLE_OBJC_ARC = YES;
				CLANG_ENABLE_OBJC_WEAK = YES;
				CLANG_WARN_BLOCK_CAPTURE_AUTORELEASING = YES;
				CLANG_WARN_BOOL_CONVERSION = YES;
				CLANG_WARN_COMMA = YES;
				CLANG_WARN_CONSTANT_CONVERSION = YES;
				CLANG_WARN_DEPRECATED_OBJC_IMPLEMENTATIONS = YES;
				CLANG_WARN_DIRECT_OBJC_ISA_USAGE = YES_ERROR;
				CLANG_WARN_DOCUMENTATION_COMMENTS = YES;
				CLANG_WARN_EMPTY_BODY = YES;
				CLANG_WARN_ENUM_CONVERSION = YES;
				CLANG_WARN_INFINITE_RECURSION = YES;
				CLANG_WARN_INT_CONVERSION = YES;
				CLANG_WARN_NON_LITERAL_NULL_CONVERSION = YES;
				CLANG_WARN_OBJC_IMPLICIT_RETAIN_SELF = YES;
				CLANG_WARN_OBJC_LITERAL_CONVERSION = YES;
				CLANG_WARN_OBJC_ROOT_CLASS = YES_ERROR;
				CLANG_WARN_QUOTED_INCLUDE_IN_FRAMEWORK_HEADER = YES;
				CLANG_WARN_RANGE_LOOP_ANALYSIS = YES;
				CLANG_WARN_STRICT_PROTOTYPES = YES;
				CLANG_WARN_SUSPICIOUS_MOVE = YES;
				CLANG_WARN_UNGUARDED_AVAILABILITY = YES_AGGRESSIVE;
				CLANG_WARN_UNREACHABLE_CODE = YES;
				CLANG_WARN__DUPLICATE_METHOD_MATCH = YES;
				COPY_PHASE_STRIP = NO;
				DEBUG_INFORMATION_FORMAT = "dwarf-with-dsym";
				ENABLE_NS_ASSERTIONS = NO;
				ENABLE_STRICT_OBJC_MSGSEND = YES;
				GCC_C_LANGUAGE_STANDARD = gnu11;
				GCC_NO_COMMON_BLOCKS = YES;
				GCC_WARN_64_TO_32_BIT_CONVERSION = YES;
				GCC_WARN_ABOUT_RETURN_TYPE = YES_ERROR;
				GCC_WARN_UNDECLARED_SELECTOR = YES;
				GCC_WARN_UNINITIALIZED_AUTOS = YES_AGGRESSIVE;
				GCC_WARN_UNUSED_FUNCTION = YES;
				GCC_WARN_UNUSED_VARIABLE = YES;
				IPHONEOS_DEPLOYMENT_TARGET = 15.2;
				MTL_ENABLE_DEBUG_INFO = NO;
				MTL_FAST_MATH = YES;
				SDKROOT = iphoneos;
				VALIDATE_PRODUCT = YES;
			};
			name = Release;
		};
		36CE8BF127AF4F370039EA33 /* Debug */ = {
			isa = XCBuildConfiguration;
			buildSettings = {
				ASSETCATALOG_COMPILER_APPICON_NAME = AppIcon;
				ASSETCATALOG_COMPILER_GLOBAL_ACCENT_COLOR_NAME = AccentColor;
				CODE_SIGN_STYLE = Automatic;
				CURRENT_PROJECT_VERSION = 1;
				DEVELOPMENT_TEAM = W27SB687KJ;
				GENERATE_INFOPLIST_FILE = YES;
				INFOPLIST_FILE = TFY_PhotoBrowser/Info.plist;
				INFOPLIST_KEY_UIApplicationSupportsIndirectInputEvents = YES;
				INFOPLIST_KEY_UILaunchStoryboardName = LaunchScreen;
				INFOPLIST_KEY_UIMainStoryboardFile = Main;
				INFOPLIST_KEY_UISupportedInterfaceOrientations_iPad = "UIInterfaceOrientationPortrait UIInterfaceOrientationPortraitUpsideDown UIInterfaceOrientationLandscapeLeft UIInterfaceOrientationLandscapeRight";
				INFOPLIST_KEY_UISupportedInterfaceOrientations_iPhone = "UIInterfaceOrientationPortrait UIInterfaceOrientationLandscapeLeft UIInterfaceOrientationLandscapeRight";
				LD_RUNPATH_SEARCH_PATHS = (
					"$(inherited)",
					"@executable_path/Frameworks",
				);
				MARKETING_VERSION = 1.0;
				PRODUCT_BUNDLE_IDENTIFIER = "tfy.TFY-PhotoBrowser";
				PRODUCT_NAME = "$(TARGET_NAME)";
				SWIFT_EMIT_LOC_STRINGS = YES;
				TARGETED_DEVICE_FAMILY = "1,2";
			};
			name = Debug;
		};
		36CE8BF227AF4F370039EA33 /* Release */ = {
			isa = XCBuildConfiguration;
			buildSettings = {
				ASSETCATALOG_COMPILER_APPICON_NAME = AppIcon;
				ASSETCATALOG_COMPILER_GLOBAL_ACCENT_COLOR_NAME = AccentColor;
				CODE_SIGN_STYLE = Automatic;
				CURRENT_PROJECT_VERSION = 1;
				DEVELOPMENT_TEAM = W27SB687KJ;
				GENERATE_INFOPLIST_FILE = YES;
				INFOPLIST_FILE = TFY_PhotoBrowser/Info.plist;
				INFOPLIST_KEY_UIApplicationSupportsIndirectInputEvents = YES;
				INFOPLIST_KEY_UILaunchStoryboardName = LaunchScreen;
				INFOPLIST_KEY_UIMainStoryboardFile = Main;
				INFOPLIST_KEY_UISupportedInterfaceOrientations_iPad = "UIInterfaceOrientationPortrait UIInterfaceOrientationPortraitUpsideDown UIInterfaceOrientationLandscapeLeft UIInterfaceOrientationLandscapeRight";
				INFOPLIST_KEY_UISupportedInterfaceOrientations_iPhone = "UIInterfaceOrientationPortrait UIInterfaceOrientationLandscapeLeft UIInterfaceOrientationLandscapeRight";
				LD_RUNPATH_SEARCH_PATHS = (
					"$(inherited)",
					"@executable_path/Frameworks",
				);
				MARKETING_VERSION = 1.0;
				PRODUCT_BUNDLE_IDENTIFIER = "tfy.TFY-PhotoBrowser";
				PRODUCT_NAME = "$(TARGET_NAME)";
				SWIFT_EMIT_LOC_STRINGS = YES;
				TARGETED_DEVICE_FAMILY = "1,2";
			};
			name = Release;
		};
		36CE8BF427AF4F370039EA33 /* Debug */ = {
			isa = XCBuildConfiguration;
			buildSettings = {
				BUNDLE_LOADER = "$(TEST_HOST)";
				CODE_SIGN_STYLE = Automatic;
				CURRENT_PROJECT_VERSION = 1;
				DEVELOPMENT_TEAM = W27SB687KJ;
				GENERATE_INFOPLIST_FILE = YES;
				IPHONEOS_DEPLOYMENT_TARGET = 15.2;
				MARKETING_VERSION = 1.0;
				PRODUCT_BUNDLE_IDENTIFIER = "tfy.TFY-PhotoBrowserTests";
				PRODUCT_NAME = "$(TARGET_NAME)";
				SWIFT_EMIT_LOC_STRINGS = NO;
				TARGETED_DEVICE_FAMILY = "1,2";
				TEST_HOST = "$(BUILT_PRODUCTS_DIR)/TFY_PhotoBrowser.app/TFY_PhotoBrowser";
			};
			name = Debug;
		};
		36CE8BF527AF4F370039EA33 /* Release */ = {
			isa = XCBuildConfiguration;
			buildSettings = {
				BUNDLE_LOADER = "$(TEST_HOST)";
				CODE_SIGN_STYLE = Automatic;
				CURRENT_PROJECT_VERSION = 1;
				DEVELOPMENT_TEAM = W27SB687KJ;
				GENERATE_INFOPLIST_FILE = YES;
				IPHONEOS_DEPLOYMENT_TARGET = 15.2;
				MARKETING_VERSION = 1.0;
				PRODUCT_BUNDLE_IDENTIFIER = "tfy.TFY-PhotoBrowserTests";
				PRODUCT_NAME = "$(TARGET_NAME)";
				SWIFT_EMIT_LOC_STRINGS = NO;
				TARGETED_DEVICE_FAMILY = "1,2";
				TEST_HOST = "$(BUILT_PRODUCTS_DIR)/TFY_PhotoBrowser.app/TFY_PhotoBrowser";
			};
			name = Release;
		};
		36CE8BF727AF4F370039EA33 /* Debug */ = {
			isa = XCBuildConfiguration;
			buildSettings = {
				CODE_SIGN_STYLE = Automatic;
				CURRENT_PROJECT_VERSION = 1;
				DEVELOPMENT_TEAM = W27SB687KJ;
				GENERATE_INFOPLIST_FILE = YES;
				MARKETING_VERSION = 1.0;
				PRODUCT_BUNDLE_IDENTIFIER = "tfy.TFY-PhotoBrowserUITests";
				PRODUCT_NAME = "$(TARGET_NAME)";
				SWIFT_EMIT_LOC_STRINGS = NO;
				TARGETED_DEVICE_FAMILY = "1,2";
				TEST_TARGET_NAME = TFY_PhotoBrowser;
			};
			name = Debug;
		};
		36CE8BF827AF4F370039EA33 /* Release */ = {
			isa = XCBuildConfiguration;
			buildSettings = {
				CODE_SIGN_STYLE = Automatic;
				CURRENT_PROJECT_VERSION = 1;
				DEVELOPMENT_TEAM = W27SB687KJ;
				GENERATE_INFOPLIST_FILE = YES;
				MARKETING_VERSION = 1.0;
				PRODUCT_BUNDLE_IDENTIFIER = "tfy.TFY-PhotoBrowserUITests";
				PRODUCT_NAME = "$(TARGET_NAME)";
				SWIFT_EMIT_LOC_STRINGS = NO;
				TARGETED_DEVICE_FAMILY = "1,2";
				TEST_TARGET_NAME = TFY_PhotoBrowser;
			};
			name = Release;
		};
/* End XCBuildConfiguration section */

/* Begin XCConfigurationList section */
		36CE8BBC27AF4F350039EA33 /* Build configuration list for PBXProject "TFY_PhotoBrowser" */ = {
			isa = XCConfigurationList;
			buildConfigurations = (
				36CE8BEE27AF4F370039EA33 /* Debug */,
				36CE8BEF27AF4F370039EA33 /* Release */,
			);
			defaultConfigurationIsVisible = 0;
			defaultConfigurationName = Release;
		};
		36CE8BF027AF4F370039EA33 /* Build configuration list for PBXNativeTarget "TFY_PhotoBrowser" */ = {
			isa = XCConfigurationList;
			buildConfigurations = (
				36CE8BF127AF4F370039EA33 /* Debug */,
				36CE8BF227AF4F370039EA33 /* Release */,
			);
			defaultConfigurationIsVisible = 0;
			defaultConfigurationName = Release;
		};
		36CE8BF327AF4F370039EA33 /* Build configuration list for PBXNativeTarget "TFY_PhotoBrowserTests" */ = {
			isa = XCConfigurationList;
			buildConfigurations = (
				36CE8BF427AF4F370039EA33 /* Debug */,
				36CE8BF527AF4F370039EA33 /* Release */,
			);
			defaultConfigurationIsVisible = 0;
			defaultConfigurationName = Release;
		};
		36CE8BF627AF4F370039EA33 /* Build configuration list for PBXNativeTarget "TFY_PhotoBrowserUITests" */ = {
			isa = XCConfigurationList;
			buildConfigurations = (
				36CE8BF727AF4F370039EA33 /* Debug */,
				36CE8BF827AF4F370039EA33 /* Release */,
			);
			defaultConfigurationIsVisible = 0;
			defaultConfigurationName = Release;
		};
/* End XCConfigurationList section */
	};
	rootObject = 36CE8BB927AF4F350039EA33 /* Project object */;
}
